{
  "lockfile_version": "1",
  "packages": {
    "claude-code@latest": {
      "last_modified": "2026-08-14T15:04:01Z",
      "resolved": "github:NixOS/nixpkgs/8be7bd0c83f12e2e3bbba07c9044d6fed9e66f7f#claude-code",
      "source": "devbox-search",
      "version": "2.1.232",
      "systems": {
        "aarch64-darwin": {
          "outputs": [
            {
              "name": "out",
              "path": "/nix/store/5m8yv46jak8qin8va1r2rnqsqfmsdvks-claude-code-2.1.232",
              "default": true
            }
          ],
          "store_path": "/nix/store/5m8yv46jak8qin8va1r2rnqsqfmsdvks-claude-code-2.1.232"
        },
        "aarch64-linux": {
          "outputs": [
            {
              "name": "out",
              "path": "/nix/store/4wk4i657a3q9gcx2h733lsqcziy1qq82-claude-code-2.1.232",
              "default": true
            }
          ],
          "store_path": "/nix/store/4wk4i657a3q9gcx2h733lsqcziy1qq82-claude-code-2.1.232"
        },
        "x86_64-linux": {
          "outputs": [
            {
              "name": "out",
              "path": "/nix/store/43fmrchzsg9g110qqk9n7a5z0icsf0qh-claude-code-2.1.232",
              "default": true
            }
          ],
          "store_path": "/nix/store/43fmrchzsg9g110qqk9n7a5z0icsf0qh-claude-code-2.1.232"
        }
      }
    },
    "docker@latest": {
      "last_modified": "2026-06-27T07:37:20Z",
      "resolved": "github:NixOS/nixpkgs/3d46470bb3030020f7e1361f33514854f5bfa86d#docker",
      "source": "devbox-search",
      "version": "29.6.0",
      "systems": {
        "aarch64-darwin": {
          "outputs": [
            {
              "name": "out",
              "path": "/nix/store/frswq58yrrahdr0p64s9cdbrcadlmpcz-docker-29.6.0",
              "default": true
            }
          ],
          "store_path": "/nix/store/frswq58yrrahdr0p64s9cdbrcadlmpcz-docker-29.6.0"
        },
        "aarch64-linux": {
          "outputs": [
            {
              "name": "out",
              "path": "/nix/store/7agvcxwq6vkpfaa7h2d6ghq5kpx76jnm-docker-29.6.0",
              "default": true
            }
          ],
          "store_path": "/nix/store/7agvcxwq6vkpfaa7h2d6ghq5kpx76jnm-docker-29.6.0"
        },
        "x86_64-darwin": {
          "outputs": [
            {
              "name": "out",
              "path": "/nix/store/ml22rn74bdqcxc00v7b7yvmg7hwj1ajr-docker-29.6.0",
              "default": true
            }
          ],
          "store_path": "/nix/store/ml22rn74bdqcxc00v7b7yvmg7hwj1ajr-docker-29.6.0"
        },
        "x86_64-linux": {
          "outputs": [
            {
              "name": "out",
              "path": "/nix/store/39wvm11rhrfzfz0zd6df2pzinv4av48s-docker-29.6.0",
              "default": true
            }
          ],
          "store_path": "/nix/store/39wvm11rhrfzfz0zd6df2pzinv4av48s-docker-29.6.0"
        }
      }
    },
    "eza@latest": {
      "last_modified": "2026-06-27T07:37:20Z",
      "resolved": "github:NixOS/nixpkgs/3d46470bb3030020f7e1361f33514854f5bfa86d#eza",
      "source": "devbox-search",
      "version": "0.23.4",
      "systems": {
        "aarch64-darwin": {
          "outputs": [
            {
              "name": "out",
              "path": "/nix/store/gdyg4gf1s7cgg6s37yxi3a7rxgz38xq7-eza-0.23.4",
              "default": true
            },
            {
              "name": "man",
              "path": "/nix/store/rha0rj91cghl6y3mlia482i1m4yck776-eza-0.23.4-man",
              "default": true
            }
          ],
          "store_path": "/nix/store/gdyg4gf1s7cgg6s37yxi3a7rxgz38xq7-eza-0.23.4"
        },
        "aarch64-linux": {
          "outputs": [
            {
              "name": "out",
              "path": "/nix/store/bnwcivcf6bc2gkiqh8apli4pkqc8y2sv-eza-0.23.4",
              "default": true
            },
            {
              "name": "man",
              "path": "/nix/store/72z0kyv5l6q2bwri30kjqn19451lwzha-eza-0.23.4-man",
              "default": true
            }
          ],
          "store_path": "/nix/store/bnwcivcf6bc2gkiqh8apli4pkqc8y2sv-eza-0.23.4"
        },
        "x86_64-darwin": {
          "outputs": [
            {
              "name": "out",
              "path": "/nix/store/23i3xbp900vqdjzql7wg62xxwal6mgdk-eza-0.23.4",
              "default": true
            },
            {
              "name": "man",
              "path": "/nix/store/74mrm8srvn2azf0cjcfx49kz1j1j46jq-eza-0.23.4-man",
              "default": true
            }
          ],
          "store_path": "/nix/store/23i3xbp900vqdjzql7wg62xxwal6mgdk-eza-0.23.4"
        },
        "x86_64-linux": {
          "outputs": [
            {
              "name": "out",
              "path": "/nix/store/56lp08a4d6j22p6yd3a36law4dy0p1qi-eza-0.23.4",
              "default": true
            },
            {
              "name": "man",
              "path": "/nix/store/8kc03nj696a8zizplb8w9my2xfw514py-eza-0.23.4-man",
              "default": true
            }
          ],
          "store_path": "/nix/store/56lp08a4d6j22p6yd3a36law4dy0p1qi-eza-0.23.4"
        }
      }
    },
    "fd@latest": {
      "last_modified": "2026-06-27T07:37:20Z",
      "resolved": "github:NixOS/nixpkgs/3d46470bb3030020f7e1361f33514854f5bfa86d#fd",
      "source": "devbox-search",
      "version": "10.4.2",
      "systems": {
        "aarch64-darwin": {
          "outputs": [
            {
              "name": "out",
              "path": "/nix/store/9c7qzri3p2hdcpviz86cxiaigd6fcyhk-fd-10.4.2",
              "default": true
            }
          ],
          "store_path": "/nix/store/9c7qzri3p2hdcpviz86cxiaigd6fcyhk-fd-10.4.2"
        },
        "aarch64-linux": {
          "outputs": [
            {
              "name": "out",
              "path": "/nix/store/qdlvkr6g5idcw8gh86kmi86ymfz1i6nh-fd-10.4.2",
              "default": true
            }
          ],
          "store_path": "/nix/store/qdlvkr6g5idcw8gh86kmi86ymfz1i6nh-fd-10.4.2"
        },
        "x86_64-darwin": {
          "outputs": [
            {
              "name": "out",
              "path": "/nix/store/5ychmf2vmgws4qxs0cb6jjxgkhnvwk9n-fd-10.4.2",
              "default": true
            }
          ],
          "store_path": "/nix/store/5ychmf2vmgws4qxs0cb6jjxgkhnvwk9n-fd-10.4.2"
        },
        "x86_64-linux": {
          "outputs": [
            {
              "name": "out",
              "path": "/nix/store/8z38cki4vvqpwm04dpz0gpf55kc1ynca-fd-10.4.2",
              "default": true
            }
          ],
          "store_path": "/nix/store/8z38cki4vvqpwm04dpz0gpf55kc1ynca-fd-10.4.2"
        }
      }
    },
    "fzf@latest": {
      "last_modified": "2026-06-27T07:37:20Z",
      "resolved": "github:NixOS/nixpkgs/3d46470bb3030020f7e1361f33514854f5bfa86d#fzf",
      "source": "devbox-search",
      "version": "0.73.1",
      "systems": {
        "aarch64-darwin": {
          "outputs": [
            {
              "name": "out",
              "path": "/nix/store/d9yqq320vy4x7m5ry32lkkxy902n1jmm-fzf-0.73.1",
              "default": true
            },
            {
              "name": "man",
              "path": "/nix/store/wr5pkcb6sss38h1k7ykaxaa1yczcp5si-fzf-0.73.1-man",
              "default": true
            }
          ],
          "store_path": "/nix/store/d9yqq320vy4x7m5ry32lkkxy902n1jmm-fzf-0.73.1"
        },
        "aarch64-linux": {
          "outputs": [
            {
              "name": "out",
              "path": "/nix/store/vkgycaq9cxbfirjqxbdb4qzwrh0apq36-fzf-0.73.1",
              "default": true
            },
            {
              "name": "man",
              "path": "/nix/store/q17i1jncf31pjzcrz8p0j0zh52h380w3-fzf-0.73.1-man",
              "default": true
            }
          ],
          "store_path": "/nix/store/vkgycaq9cxbfirjqxbdb4qzwrh0apq36-fzf-0.73.1"
        },
        "x86_64-darwin": {
          "outputs": [
            {
              "name": "out",
              "path": "/nix/store/dc4raq373abn8p4csiqg9bxhyl58j017-fzf-0.73.1",
              "default": true
            },
            {
              "name": "man",
              "path": "/nix/store/349c1vr2gaxmjfkl1z3rr1cb5wij26ha-fzf-0.73.1-man",
              "default": true
            }
          ],
          "store_path": "/nix/store/dc4raq373abn8p4csiqg9bxhyl58j017-fzf-0.73.1"
        },
        "x86_64-linux": {
          "outputs": [
            {
              "name": "out",
              "path": "/nix/store/0lh7drd3w8mvs8h3145g17x8jy5ids8d-fzf-0.73.1",
              "default": true
            },
            {
              "name": "man",
              "path": "/nix/store/07knhmpq48ms9zjbddvnp3vm6fnxjn6a-fzf-0.73.1-man",
              "default": true
            }
          ],
          "store_path": "/nix/store/0lh7drd3w8mvs8h3145g17x8jy5ids8d-fzf-0.73.1"
        }
      }
    },
    "gcc@latest": {
      "last_modified": "2026-06-27T07:37:20Z",
      "resolved": "github:NixOS/nixpkgs/3d46470bb3030020f7e1361f33514854f5bfa86d#gcc16",
      "source": "devbox-search",
      "version": "16.1.0",
      "systems": {
        "aarch64-darwin": {
          "outputs": [
            {
              "name": "out",
              "path": "/nix/store/rxgqxg8yfmd2k0dv7f235pj7paasi3nz-gcc-wrapper-16.1.0",
              "default": true
            },
            {
              "name": "man",
              "path": "/nix/store/gxb2lz5w9b18d213dnbfsvnv6agqjqq4-gcc-wrapper-16.1.0-man",
              "default": true
            },
            {
              "name": "info",
              "path": "/nix/store/8dwra4xms6gwfvfgi7fhggpihy6l7l58-gcc-wrapper-16.1.0-info"
            }
          ],
          "store_path": "/nix/store/rxgqxg8yfmd2k0dv7f235pj7paasi3nz-gcc-wrapper-16.1.0"
        },
        "aarch64-linux": {
          "outputs": [
            {
              "name": "out",
              "path": "/nix/store/k5ix5rl6zx0jcpqmxaybplkz6mh2wbkz-gcc-wrapper-16.1.0",
              "default": true
            },
            {
              "name": "man",
              "path": "/nix/store/ylmw65rpq4ppa8nqw2m84lamnid8vks0-gcc-wrapper-16.1.0-man",
              "default": true
            },
            {
              "name": "info",
              "path": "/nix/store/3mmvr9m3xf001nrx1wlbvy4f7azwf1jz-gcc-wrapper-16.1.0-info"
            }
          ],
          "store_path": "/nix/store/k5ix5rl6zx0jcpqmxaybplkz6mh2wbkz-gcc-wrapper-16.1.0"
        },
        "x86_64-darwin": {
          "outputs": [
            {
              "name": "out",
              "path": "/nix/store/jzilyaw3qkqjzh1r7wqif4mha4k1ajfg-gcc-wrapper-16.1.0",
              "default": true
            },
            {
              "name": "man",
              "path": "/nix/store/g14prjlbbjcmp9fnd8wmsvsn3l7jq86j-gcc-wrapper-16.1.0-man",
              "default": true
            },
            {
              "name": "info",
              "path": "/nix/store/b2h9pa7ynmf99cqfg58nnpz0b1zicapd-gcc-wrapper-16.1.0-info"
            }
          ],
          "store_path": "/nix/store/jzilyaw3qkqjzh1r7wqif4mha4k1ajfg-gcc-wrapper-16.1.0"
        },
        "x86_64-linux": {
          "outputs": [
            {
              "name": "out",
              "path": "/nix/store/0kywpmx5r4mbk00d6b3rkwq121d6qfz2-gcc-wrapper-16.1.0",
              "default": true
            },
            {
              "name": "man",
              "path": "/nix/store/sjiaf8z1fr28w3rc5r4hmmaa4qjd8l8m-gcc-wrapper-16.1.0-man",
              "default": true
            },
            {
              "name": "info",
              "path": "/nix/store/nx67mlsr3apmsl6xl0c2nybd2d1m11f1-gcc-wrapper-16.1.0-info"
            }
          ],
          "store_path": "/nix/store/0kywpmx5r4mbk00d6b3rkwq121d6qfz2-gcc-wrapper-16.1.0"
        }
      }
    },
    "gh@latest": {
      "last_modified": "2026-06-27T07:37:20Z",
      "resolved": "github:NixOS/nixpkgs/3d46470bb3030020f7e1361f33514854f5bfa86d#gh",
      "source": "devbox-search",
      "version": "2.95.0",
      "systems": {
        "aarch64-darwin": {
          "outputs": [
            {
              "name": "out",
              "path": "/nix/store/bm42hwfaaxl52ggr5ykj51hbrinmg4ic-gh-2.95.0",
              "default": true
            }
          ],
          "store_path": "/nix/store/bm42hwfaaxl52ggr5ykj51hbrinmg4ic-gh-2.95.0"
        },
        "aarch64-linux": {
          "outputs": [
            {
              "name": "out",
              "path": "/nix/store/n7kbzdvnj09rbcvpxcb2ajzyglwn51wa-gh-2.95.0",
              "default": true
            }
          ],
          "store_path": "/nix/store/n7kbzdvnj09rbcvpxcb2ajzyglwn51wa-gh-2.95.0"
        },
        "x86_64-darwin": {
          "outputs": [
            {
              "name": "out",
              "path": "/nix/store/mf9vjs2xy59kg87iyywkzszy00cz6a4n-gh-2.95.0",
              "default": true
            }
          ],
          "store_path": "/nix/store/mf9vjs2xy59kg87iyywkzszy00cz6a4n-gh-2.95.0"
        },
        "x86_64-linux": {
          "outputs": [
            {
              "name": "out",
              "path": "/nix/store/k8213mqprqmxbcd4mdmvbnqzlir1hb21-gh-2.95.0",
              "default": true
            }
          ],
          "store_path": "/nix/store/k8213mqprqmxbcd4mdmvbnqzlir1hb21-gh-2.95.0"
        }
      }
    },
    "git@latest": {
      "last_modified": "2026-06-27T07:37:20Z",
      "resolved": "github:NixOS/nixpkgs/3d46470bb3030020f7e1361f33514854f5bfa86d#git",
      "source": "devbox-search",
      "version": "2.54.0",
      "systems": {
        "aarch64-darwin": {
          "outputs": [
            {
              "name": "out",
              "path": "/nix/store/7p841rdaha0pj23srg7lrwpnlaxyr7gr-git-2.54.0",
              "default": true
            },
            {
              "name": "doc",
              "path": "/nix/store/53n75imxnfbr1nbkll4djg98r9vg1lyw-git-2.54.0-doc"
            }
          ],
          "store_path": "/nix/store/7p841rdaha0pj23srg7lrwpnlaxyr7gr-git-2.54.0"
        },
        "aarch64-linux": {
          "outputs": [
            {
              "name": "out",
              "path": "/nix/store/j76bc0jffq323b6kvrckky5152h0pfdk-git-2.54.0",
              "default": true
            },
            {
              "name": "debug",
              "path": "/nix/store/hi8y2a7kxz94pmnfh3k2gp2mzr57xmqd-git-2.54.0-debug"
            },
            {
              "name": "doc",
              "path": "/nix/store/ms4bxp0svz53yzxqwfzp5lwp22v11m7d-git-2.54.0-doc"
            }
          ],
          "store_path": "/nix/store/j76bc0jffq323b6kvrckky5152h0pfdk-git-2.54.0"
        },
        "x86_64-darwin": {
          "outputs": [
            {
              "name": "out",
              "path": "/nix/store/x671lak90qvcxgc5irp4xv5zdbaym2yr-git-2.54.0",
              "default": true
            },
            {
              "name": "doc",
              "path": "/nix/store/zakmjh312hmg2yslsyqmnw8lb8dgmyyk-git-2.54.0-doc"
            }
          ],
          "store_path": "/nix/store/x671lak90qvcxgc5irp4xv5zdbaym2yr-git-2.54.0"
        },
        "x86_64-linux": {
          "outputs": [
            {
              "name": "out",
              "path": "/nix/store/k3wl6cg7q50zkx47af3msmg1yrg1f203-git-2.54.0",
              "default": true
            },
            {
              "name": "debug",
              "path": "/nix/store/7bjwn43x9gcaf249d8l651083ri033dy-git-2.54.0-debug"
            },
            {
              "name": "doc",
              "path": "/nix/store/9a0f1mfx8n1b8y64qx9999pq70j48ms6-git-2.54.0-doc"
            }
          ],
          "store_path": "/nix/store/k3wl6cg7q50zkx47af3msmg1yrg1f203-git-2.54.0"
        }
      }
    },
    "github:NixOS/nixpkgs/nixpkgs-unstable": {
      "last_modified": "2026-07-05T19:27:47Z",
      "resolved": "github:NixOS/nixpkgs/f205b5574fd0cb7da5b702a2da51507b7f4fdd1b?lastModified=1783279667&narHash=sha256-%2FNAkDSsve%2BGNM0Bt6tleJdCGfsTlK89nPjkVOzZMo0s%3D"
    },
    "gnumake@latest": {
      "last_modified": "2026-06-29T11:10:55Z",
      "resolved": "github:NixOS/nixpkgs/9c4c05a947a91dc14625265fab505fb695e93218#gnumake",
      "source": "devbox-search",
      "version": "4.4.1",
      "systems": {
        "aarch64-darwin": {
          "outputs": [
            {
              "name": "out",
              "path": "/nix/store/ij3d5cfr8h31a41l80jzid0z6kj2ajsv-gnumake-4.4.1",
              "default": true
            },
            {
              "name": "man",
              "path": "/nix/store/mzy3b5lxi8jbq5d63yvq52sjsq73907l-gnumake-4.4.1-man",
              "default": true
            },
            {
              "name": "doc",
              "path": "/nix/store/v2jpgmm2fsg7b0z27cc514jdqbhm0isy-gnumake-4.4.1-doc"
            },
            {
              "name": "info",
              "path": "/nix/store/dli72plfj1gcp88wv6px7qjjqvnnlql5-gnumake-4.4.1-info"
            }
          ],
          "store_path": "/nix/store/ij3d5cfr8h31a41l80jzid0z6kj2ajsv-gnumake-4.4.1"
        },
        "aarch64-linux": {
          "outputs": [
            {
              "name": "out",
              "path": "/nix/store/v1888rzl1qf8zzd27q1vxvqqssizjx3x-gnumake-4.4.1",
              "default": true
            },
            {
              "name": "man",
              "path": "/nix/store/3c96gbpypik8gzasv9brnka3i6mks9rz-gnumake-4.4.1-man",
              "default": true
            },
            {
              "name": "debug",
              "path": "/nix/store/rcg8zj3391869cn266zwxynplwhyf6qw-gnumake-4.4.1-debug"
            },
            {
              "name": "doc",
              "path": "/nix/store/qvl65zgm24p9sw0mzw3cxijcs8palykk-gnumake-4.4.1-doc"
            },
            {
              "name": "info",
              "path": "/nix/store/2xp5f2ypvrlg6wn5s44jg3ji82l78k9q-gnumake-4.4.1-info"
            }
          ],
          "store_path": "/nix/store/v1888rzl1qf8zzd27q1vxvqqssizjx3x-gnumake-4.4.1"
        },
        "x86_64-darwin": {
          "outputs": [
            {
              "name": "out",
              "path": "/nix/store/0bg5b97b9hbhz8907bfcrch1i116xppa-gnumake-4.4.1",
              "default": true
            },
            {
              "name": "man",
              "path": "/nix/store/wb4yn3d7vmi1hr4f8pz38rjvcl7f70ma-gnumake-4.4.1-man",
              "default": true
            },
            {
              "name": "doc",
              "path": "/nix/store/3b9cjf16jx4ncpp3b4k6m8q01nxsrw1n-gnumake-4.4.1-doc"
            },
            {
              "name": "info",
              "path": "/nix/store/rriz5p4q8a6sca7sw3p3js1m5dl09ia8-gnumake-4.4.1-info"
            }
          ],
          "store_path": "/nix/store/0bg5b97b9hbhz8907bfcrch1i116xppa-gnumake-4.4.1"
        },
        "x86_64-linux": {
          "outputs": [
            {
              "name": "out",
              "path": "/nix/store/k9ybsvscqk4lhz5ndc1ap9800im1cry1-gnumake-4.4.1",
              "default": true
            },
            {
              "name": "man",
              "path": "/nix/store/arjpl2nnq7khwfhy16qphyxxg924apy1-gnumake-4.4.1-man",
              "default": true
            },
            {
              "name": "debug",
              "path": "/nix/store/054b9sxxzph2fbwmj45njf1rspjifaz6-gnumake-4.4.1-debug"
            },
            {
              "name": "doc",
              "path": "/nix/store/c2skg22md4ablx0qfcrsh7vpad31zgyx-gnumake-4.4.1-doc"
            },
            {
              "name": "info",
              "path": "/nix/store/6mifiq9cp2bsg9ghkhifrvlmip7z3147-gnumake-4.4.1-info"
            }
          ],
          "store_path": "/nix/store/k9ybsvscqk4lhz5ndc1ap9800im1cry1-gnumake-4.4.1"
        }
      }
    },
    "go@latest": {
      "last_modified": "2026-06-27T07:37:20Z",
      "resolved": "github:NixOS/nixpkgs/3d46470bb3030020f7e1361f33514854f5bfa86d#go",
      "source": "devbox-search",
      "version": "1.26.4",
      "systems": {
        "aarch64-darwin": {
          "outputs": [
            {
              "name": "out",
              "path": "/nix/store/kyai650rrywrzflnwda9mbk2c2j9w68r-go-1.26.4",
              "default": true
            }
          ],
          "store_path": "/nix/store/kyai650rrywrzflnwda9mbk2c2j9w68r-go-1.26.4"
        },
        "aarch64-linux": {
          "outputs": [
            {
              "name": "out",
              "path": "/nix/store/lgcj27hrbanbc93xm9zdrldds7b1jrw8-go-1.26.4",
              "default": true
            }
          ],
          "store_path": "/nix/store/lgcj27hrbanbc93xm9zdrldds7b1jrw8-go-1.26.4"
        },
        "x86_64-darwin": {
          "outputs": [
            {
              "name": "out",
              "path": "/nix/store/h0z6ghmi3cihlbm163d72xs9p9nn04a1-go-1.26.4",
              "default": true
            }
          ],
          "store_path": "/nix/store/h0z6ghmi3cihlbm163d72xs9p9nn04a1-go-1.26.4"
        },
        "x86_64-linux": {
          "outputs": [
            {
              "name": "out",
              "path": "/nix/store/gb0njhqswlc5n127ikgyikvq39r40l6f-go-1.26.4",
              "default": true
            }
          ],
          "store_path": "/nix/store/gb0njhqswlc5n127ikgyikvq39r40l6f-go-1.26.4"
        }
      }
    },
    "jq@latest": {
      "last_modified": "2026-06-27T07:37:20Z",
      "resolved": "github:NixOS/nixpkgs/3d46470bb3030020f7e1361f33514854f5bfa86d#jq",
      "source": "devbox-search",
      "version": "1.8.1",
      "systems": {
        "aarch64-darwin": {
          "outputs": [
            {
              "name": "bin",
              "path": "/nix/store/n9ri7m7j3l3ggx7ag8xm87cavjvcxycz-jq-1.8.1-bin",
              "default": true
            },
            {
              "name": "man",
              "path": "/nix/store/0l8f1i70kd15qadl45b4fvqlg2j7s5hn-jq-1.8.1-man",
              "default": true
            },
            {
              "name": "dev",
              "path": "/nix/store/pfp4psnwxs2ygda5sq6sr95x2snn6yjl-jq-1.8.1-dev"
            },
            {
              "name": "doc",
              "path": "/nix/store/6va29c6s0v4kqi0zvc5jhn7s31c9i4hd-jq-1.8.1-doc"
            },
            {
              "name": "out",
              "path": "/nix/store/phmsnvxjh6rmf7id4wahi3vllbj8fn4s-jq-1.8.1"
            }
          ],
          "store_path": "/nix/store/n9ri7m7j3l3ggx7ag8xm87cavjvcxycz-jq-1.8.1-bin"
        },
        "aarch64-linux": {
          "outputs": [
            {
              "name": "bin",
              "path": "/nix/store/hmwz4mnhiwyy1zyrypbdk6xqrxrpv4jp-jq-1.8.1-bin",
              "default": true
            },
            {
              "name": "man",
              "path": "/nix/store/iy9j5qqv7bkf0fnwh6pddfbk5q93i3nh-jq-1.8.1-man",
              "default": true
            },
            {
              "name": "dev",
              "path": "/nix/store/gkincbg9wkmasrxw36mmyvp08jyhcxxg-jq-1.8.1-dev"
            },
            {
              "name": "doc",
              "path": "/nix/store/vh84k872pnn2xavlx9j551056k1h579f-jq-1.8.1-doc"
            },
            {
              "name": "out",
              "path": "/nix/store/cs80rizzqf70hsya9n2h60zj9rf23sr5-jq-1.8.1"
            }
          ],
          "store_path": "/nix/store/hmwz4mnhiwyy1zyrypbdk6xqrxrpv4jp-jq-1.8.1-bin"
        },
        "x86_64-darwin": {
          "outputs": [
            {
              "name": "bin",
              "path": "/nix/store/glj1kzrb6jm7x4r5z400mcmja8ws657q-jq-1.8.1-bin",
              "default": true
            },
            {
              "name": "man",
              "path": "/nix/store/vpk901871j7kfmmb20i1vfxh5d8mhim2-jq-1.8.1-man",
              "default": true
            },
            {
              "name": "dev",
              "path": "/nix/store/akbah2c4a6xcgpx2l7xqqgfbxgi8anfj-jq-1.8.1-dev"
            },
            {
              "name": "doc",
              "path": "/nix/store/jb2xgi4gjvzwifzfmf4kzkimbgrhsaav-jq-1.8.1-doc"
            },
            {
              "name": "out",
              "path": "/nix/store/l4i89frkjf4dly7gxwbksrcimcgr2x8f-jq-1.8.1"
            }
          ],
          "store_path": "/nix/store/glj1kzrb6jm7x4r5z400mcmja8ws657q-jq-1.8.1-bin"
        },
        "x86_64-linux": {
          "outputs": [
            {
              "name": "bin",
              "path": "/nix/store/q0pj1dw2nr57y6b4pqljklf0hy20alfj-jq-1.8.1-bin",
              "default": true
            },
            {
              "name": "man",
              "path": "/nix/store/d21dmfzxkgpa7jkn5ggr0balzfg0j269-jq-1.8.1-man",
              "default": true
            },
            {
              "name": "dev",
              "path": "/nix/store/3vavalljj18drsycygl361zqz4rryygd-jq-1.8.1-dev"
            },
            {
              "name": "doc",
              "path": "/nix/store/nzhykmz9qn2vrb9ki6ddrpipic7rfpfb-jq-1.8.1-doc"
            },
            {
              "name": "out",
              "path": "/nix/store/bzm6nb8fx5p005bygrarn48i6qy1ir3a-jq-1.8.1"
            }
          ],
          "store_path": "/nix/store/q0pj1dw2nr57y6b4pqljklf0hy20alfj-jq-1.8.1-bin"
        }
      }
    },
    "lazygit@latest": {
      "last_modified": "2026-06-27T07:37:20Z",
      "resolved": "github:NixOS/nixpkgs/3d46470bb3030020f7e1361f33514854f5bfa86d#lazygit",
      "source": "devbox-search",
      "version": "0.62.2",
      "systems": {
        "aarch64-darwin": {
          "outputs": [
            {
              "name": "out",
              "path": "/nix/store/gr1a16qv6a32am3mgsxf1ga7jh2j68c4-lazygit-0.62.2",
              "default": true
            }
          ],
          "store_path": "/nix/store/gr1a16qv6a32am3mgsxf1ga7jh2j68c4-lazygit-0.62.2"
        },
        "aarch64-linux": {
          "outputs": [
            {
              "name": "out",
              "path": "/nix/store/03k67knqq2lbv50mz6idmwwr1s93d2qg-lazygit-0.62.2",
              "default": true
            }
          ],
          "store_path": "/nix/store/03k67knqq2lbv50mz6idmwwr1s93d2qg-lazygit-0.62.2"
        },
        "x86_64-darwin": {
          "outputs": [
            {
              "name": "out",
              "path": "/nix/store/7j11ivnjr64py9k935ycm3zmfba07916-lazygit-0.62.2",
              "default": true
            }
          ],
          "store_path": "/nix/store/7j11ivnjr64py9k935ycm3zmfba07916-lazygit-0.62.2"
        },
        "x86_64-linux": {
          "outputs": [
            {
              "name": "out",
              "path": "/nix/store/nwzajwslsxnyggcjks4krz3ghkmw5iq4-lazygit-0.62.2",
              "default": true
            }
          ],
          "store_path": "/nix/store/nwzajwslsxnyggcjks4krz3ghkmw5iq4-lazygit-0.62.2"
        }
      }
    },
    "lua5_1@latest": {
      "last_modified": "2022-09-12T23:24:01Z",
      "resolved": "github:NixOS/nixpkgs/994df04c3c700fe9edb1b69b82ba3c627e5e04ff#lua5_1",
      "source": "devbox-search",
      "version": "5.1.5",
      "systems": {
        "aarch64-linux": {
          "outputs": [
            {
              "name": "out",
              "path": "/nix/store/v9z73vp9w4b5hjf1yxqz2p3drgk1hadw-lua-5.1.5",
              "default": true
            }
          ],
          "store_path": "/nix/store/v9z73vp9w4b5hjf1yxqz2p3drgk1hadw-lua-5.1.5"
        },
        "x86_64-linux": {
          "outputs": [
            {
              "name": "out",
              "path": "/nix/store/xan5g8j9qp1mq3wclahn3gm5gv1kaa6m-lua-5.1.5",
              "default": true
            }
          ],
          "store_path": "/nix/store/xan5g8j9qp1mq3wclahn3gm5gv1kaa6m-lua-5.1.5"
        }
      }
    },
    "luarocks@latest": {
      "last_modified": "2023-02-24T09:01:09Z",
      "resolved": "github:NixOS/nixpkgs/7d0ed7f2e5aea07ab22ccb338d27fbe347ed2f11#luarocks",
      "source": "devbox-search",
      "version": "3.9.1",
      "systems": {
        "x86_64-linux": {
          "outputs": [
            {
              "path": "/nix/store/p9ma631145gniixlym6x09zr97q3m5h1-luarocks-3.9.1",
              "default": true
            }
          ]
        }
      }
    },
    "neovim@latest": {
      "last_modified": "2026-06-27T07:37:20Z",
      "resolved": "github:NixOS/nixpkgs/3d46470bb3030020f7e1361f33514854f5bfa86d#neovim",
      "source": "devbox-search",
      "version": "0.12.3",
      "systems": {
        "aarch64-darwin": {
          "outputs": [
            {
              "name": "out",
              "path": "/nix/store/349610hzpgi85ir136034lf7yw8sjcby-neovim-0.12.3",
              "default": true
            }
          ],
          "store_path": "/nix/store/349610hzpgi85ir136034lf7yw8sjcby-neovim-0.12.3"
        },
        "aarch64-linux": {
          "outputs": [
            {
              "name": "out",
              "path": "/nix/store/d8w7byy93lm3idz62q4h3f2k1p19gqzv-neovim-0.12.3",
              "default": true
            }
          ],
          "store_path": "/nix/store/d8w7byy93lm3idz62q4h3f2k1p19gqzv-neovim-0.12.3"
        },
        "x86_64-darwin": {
          "outputs": [
            {
              "name": "out",
              "path": "/nix/store/b6q3ggm4l20xgapb2792i410756ndk73-neovim-0.12.3",
              "default": true
            }
          ],
          "store_path": "/nix/store/b6q3ggm4l20xgapb2792i410756ndk73-neovim-0.12.3"
        },
        "x86_64-linux": {
          "outputs": [
            {
              "name": "out",
              "path": "/nix/store/10a937czlcj9zg65injb2v7j6w309ndg-neovim-0.12.3",
              "default": true
            }
          ],
          "store_path": "/nix/store/10a937czlcj9zg65injb2v7j6w309ndg-neovim-0.12.3"
        }
      }
    },
    "nodejs@latest": {
      "last_modified": "2026-06-27T07:37:20Z",
      "plugin_version": "0.0.4",
      "resolved": "github:NixOS/nixpkgs/3d46470bb3030020f7e1361f33514854f5bfa86d#nodejs_26",
      "source": "devbox-search",
      "version": "26.4.0",
      "systems": {
        "aarch64-darwin": {
          "outputs": [
            {
              "name": "out",
              "path": "/nix/store/dz3nxng3029j1gc570pkwj8ahfdl3sa4-nodejs-26.4.0",
              "default": true
            }
          ],
          "store_path": "/nix/store/dz3nxng3029j1gc570pkwj8ahfdl3sa4-nodejs-26.4.0"
        },
        "aarch64-linux": {
          "outputs": [
            {
              "name": "out",
              "path": "/nix/store/4bv9k994r33svxczpy2wk3lhsrh3kspl-nodejs-26.4.0",
              "default": true
            }
          ],
          "store_path": "/nix/store/4bv9k994r33svxczpy2wk3lhsrh3kspl-nodejs-26.4.0"
        },
        "x86_64-darwin": {
          "outputs": [
            {
              "name": "out",
              "path": "/nix/store/wyxj7d54jggi26lnap66c858mb2l2m2q-nodejs-26.4.0",
              "default": true
            }
          ],
          "store_path": "/nix/store/wyxj7d54jggi26lnap66c858mb2l2m2q-nodejs-26.4.0"
        },
        "x86_64-linux": {
          "outputs": [
            {
              "name": "out",
              "path": "/nix/store/i2jf2l5lqhy3d7zy3lzx5wjydyzw2hwm-nodejs-26.4.0",
              "default": true
            }
          ],
          "store_path": "/nix/store/i2jf2l5lqhy3d7zy3lzx5wjydyzw2hwm-nodejs-26.4.0"
        }
      }
    },
    "pnpm@latest": {
      "last_modified": "2026-06-27T07:37:20Z",
      "resolved": "github:NixOS/nixpkgs/3d46470bb3030020f7e1361f33514854f5bfa86d#pnpm",
      "source": "devbox-search",
      "version": "11.9.0",
      "systems": {
        "aarch64-darwin": {
          "outputs": [
            {
              "name": "out",
              "path": "/nix/store/smxi4h44j1hj557lr4wjvdi5rdlarxw3-pnpm-11.9.0",
              "default": true
            }
          ],
          "store_path": "/nix/store/smxi4h44j1hj557lr4wjvdi5rdlarxw3-pnpm-11.9.0"
        },
        "aarch64-linux": {
          "outputs": [
            {
              "name": "out",
              "path": "/nix/store/d0gyd6l4g7yi7nd7ddgliv8alcqiya20-pnpm-11.9.0",
              "default": true
            }
          ],
          "store_path": "/nix/store/d0gyd6l4g7yi7nd7ddgliv8alcqiya20-pnpm-11.9.0"
        },
        "x86_64-darwin": {
          "outputs": [
            {
              "name": "out",
              "path": "/nix/store/l5kand3q10lq1fzpj11wzvhjkxclrxix-pnpm-11.9.0",
              "default": true
            }
          ],
          "store_path": "/nix/store/l5kand3q10lq1fzpj11wzvhjkxclrxix-pnpm-11.9.0"
        },
        "x86_64-linux": {
          "outputs": [
            {
              "name": "out",
              "path": "/nix/store/gfrj5gwr59daw5qi72phra770mi0xvh1-pnpm-11.9.0",
              "default": true
            }
          ],
          "store_path": "/nix/store/gfrj5gwr59daw5qi72phra770mi0xvh1-pnpm-11.9.0"
        }
      }
    },
    "python314Packages.pip@latest": {
      "last_modified": "2026-06-27T07:37:20Z",
      "resolved": "github:NixOS/nixpkgs/3d46470bb3030020f7e1361f33514854f5bfa86d#python314Packages.pip",
      "source": "devbox-search",
      "version": "25.3",
      "systems": {
        "aarch64-darwin": {
          "outputs": [
            {
              "name": "out",
              "path": "/nix/store/l1pdzpais45983w38phpkfdr0lkmwnq2-python3.14-pip-25.3",
              "default": true
            },
            {
              "name": "man",
              "path": "/nix/store/0hyr9i6fnsj7286l9blvblaa8rr0djb5-python3.14-pip-25.3-man",
              "default": true
            },
            {
              "name": "dist",
              "path": "/nix/store/cy09n0bjpdjczia8dhsymgl1748jdyc9-python3.14-pip-25.3-dist"
            }
          ],
          "store_path": "/nix/store/l1pdzpais45983w38phpkfdr0lkmwnq2-python3.14-pip-25.3"
        },
        "aarch64-linux": {
          "outputs": [
            {
              "name": "out",
              "path": "/nix/store/qswwyjl021cwr09jl6pczz03ylm0n29h-python3.14-pip-25.3",
              "default": true
            },
            {
              "name": "man",
              "path": "/nix/store/jw8vgihjfvhl1pmw8rd88lbjzrpynbnb-python3.14-pip-25.3-man",
              "default": true
            },
            {
              "name": "dist",
              "path": "/nix/store/z4w7g2wd1fbfa3hcvzg8gajisxqdjq3n-python3.14-pip-25.3-dist"
            }
          ],
          "store_path": "/nix/store/qswwyjl021cwr09jl6pczz03ylm0n29h-python3.14-pip-25.3"
        },
        "x86_64-darwin": {
          "outputs": [
            {
              "name": "out",
              "path": "/nix/store/csxrpjwppc7v7m7xi9ib94ws1z74k9fb-python3.14-pip-25.3",
              "default": true
            },
            {
              "name": "man",
              "path": "/nix/store/h3qabxyyskj7ndkvzk2dmx77f6wqkjji-python3.14-pip-25.3-man",
              "default": true
            },
            {
              "name": "dist",
              "path": "/nix/store/lh97h9pa2d1gvlwmjbrrx74qbar5jcnm-python3.14-pip-25.3-dist"
            }
          ],
          "store_path": "/nix/store/csxrpjwppc7v7m7xi9ib94ws1z74k9fb-python3.14-pip-25.3"
        },
        "x86_64-linux": {
          "outputs": [
            {
              "name": "out",
              "path": "/nix/store/ch3m3a4b6ddpvfwm2ccylf4w5pgpg1l9-python3.14-pip-25.3",
              "default": true
            },
            {
              "name": "man",
              "path": "/nix/store/q6wiyfdslix7swixh7q7dkqws6xfmxhp-python3.14-pip-25.3-man",
              "default": true
            },
            {
              "name": "dist",
              "path": "/nix/store/in392q9cn8894a69wz23adxcrainvwvc-python3.14-pip-25.3-dist"
            }
          ],
          "store_path": "/nix/store/ch3m3a4b6ddpvfwm2ccylf4w5pgpg1l9-python3.14-pip-25.3"
        }
      }
    },
    "python@latest": {
      "last_modified": "2026-06-27T07:37:20Z",
      "plugin_version": "0.0.5",
      "resolved": "github:NixOS/nixpkgs/3d46470bb3030020f7e1361f33514854f5bfa86d#python314",
      "source": "devbox-search",
      "version": "3.14.4",
      "systems": {
        "aarch64-darwin": {
          "outputs": [
            {
              "name": "out",
              "path": "/nix/store/bz7r3a1x3xby7ilac2ngzwr0szf3yzxc-python3-3.14.4",
              "default": true
            }
          ],
          "store_path": "/nix/store/bz7r3a1x3xby7ilac2ngzwr0szf3yzxc-python3-3.14.4"
        },
        "aarch64-linux": {
          "outputs": [
            {
              "name": "out",
              "path": "/nix/store/fj2lkfaqsccpsgwmzrv921asxzsp1iin-python3-3.14.4",
              "default": true
            },
            {
              "name": "debug",
              "path": "/nix/store/8sggbkg072yim06lsbggkiwc84z28cj9-python3-3.14.4-debug"
            }
          ],
          "store_path": "/nix/store/fj2lkfaqsccpsgwmzrv921asxzsp1iin-python3-3.14.4"
        },
        "x86_64-darwin": {
          "outputs": [
            {
              "name": "out",
              "path": "/nix/store/dz3vgh7m1dsj9c3ahn1ab6wqpnz9bbww-python3-3.14.4",
              "default": true
            }
          ],
          "store_path": "/nix/store/dz3vgh7m1dsj9c3ahn1ab6wqpnz9bbww-python3-3.14.4"
        },
        "x86_64-linux": {
          "outputs": [
            {
              "name": "out",
              "path": "/nix/store/fk8c5cqd0npblqv1mcd8swhkcbng84qr-python3-3.14.4",
              "default": true
            },
            {
              "name": "debug",
              "path": "/nix/store/y6nmlnw8360r8lma5bjnp07vl9r4l07g-python3-3.14.4-debug"
            }
          ],
          "store_path": "/nix/store/fk8c5cqd0npblqv1mcd8swhkcbng84qr-python3-3.14.4"
        }
      }
    },
    "ripgrep@latest": {
      "last_modified": "2026-06-27T07:37:20Z",
      "resolved": "github:NixOS/nixpkgs/3d46470bb3030020f7e1361f33514854f5bfa86d#ripgrep",
      "source": "devbox-search",
      "version": "15.1.0",
      "systems": {
        "aarch64-darwin": {
          "outputs": [
            {
              "name": "out",
              "path": "/nix/store/h5fzp9vb16p8z3ha51hhx37rqjh4l81z-ripgrep-15.1.0",
              "default": true
            }
          ],
          "store_path": "/nix/store/h5fzp9vb16p8z3ha51hhx37rqjh4l81z-ripgrep-15.1.0"
        },
        "aarch64-linux": {
          "outputs": [
            {
              "name": "out",
              "path": "/nix/store/9rl3qy5akdkgmcsh6c5f2wy3x8cky4w0-ripgrep-15.1.0",
              "default": true
            }
          ],
          "store_path": "/nix/store/9rl3qy5akdkgmcsh6c5f2wy3x8cky4w0-ripgrep-15.1.0"
        },
        "x86_64-darwin": {
          "outputs": [
            {
              "name": "out",
              "path": "/nix/store/anpnnwglxciyg2brq503b2amkdq1wfw8-ripgrep-15.1.0",
              "default": true
            }
          ],
          "store_path": "/nix/store/anpnnwglxciyg2brq503b2amkdq1wfw8-ripgrep-15.1.0"
        },
        "x86_64-linux": {
          "outputs": [
            {
              "name": "out",
              "path": "/nix/store/4w7fshi3jlwjxsij52q4yyl4sfxvfl92-ripgrep-15.1.0",
              "default": true
            }
          ],
          "store_path": "/nix/store/4w7fshi3jlwjxsij52q4yyl4sfxvfl92-ripgrep-15.1.0"
        }
      }
    },
    "tmux@latest": {
      "last_modified": "2026-06-29T11:10:55Z",
      "resolved": "github:NixOS/nixpkgs/9c4c05a947a91dc14625265fab505fb695e93218#tmux",
      "source": "devbox-search",
      "version": "3.7",
      "systems": {
        "aarch64-darwin": {
          "outputs": [
            {
              "name": "out",
              "path": "/nix/store/qwv02z5zz1w5a7zp9f5n9cvya9irsi0d-tmux-3.7",
              "default": true
            },
            {
              "name": "man",
              "path": "/nix/store/9bp371vjn5ahs9z95mya79am375pnydd-tmux-3.7-man",
              "default": true
            }
          ],
          "store_path": "/nix/store/qwv02z5zz1w5a7zp9f5n9cvya9irsi0d-tmux-3.7"
        },
        "aarch64-linux": {
          "outputs": [
            {
              "name": "out",
              "path": "/nix/store/6casznjgcl0746l8lm96206g0c2wcqic-tmux-3.7",
              "default": true
            },
            {
              "name": "man",
              "path": "/nix/store/zpywda5dy8fd7y047rznkyqi0bxv4ncg-tmux-3.7-man",
              "default": true
            }
          ],
          "store_path": "/nix/store/6casznjgcl0746l8lm96206g0c2wcqic-tmux-3.7"
        },
        "x86_64-darwin": {
          "outputs": [
            {
              "name": "out",
              "path": "/nix/store/jqlg9gi2h0hna454yq9z3kvgppj5slg8-tmux-3.7",
              "default": true
            },
            {
              "name": "man",
              "path": "/nix/store/axwf2as5yqmj73b312ym10n07f9gzzif-tmux-3.7-man",
              "default": true
            }
          ],
          "store_path": "/nix/store/jqlg9gi2h0hna454yq9z3kvgppj5slg8-tmux-3.7"
        },
        "x86_64-linux": {
          "outputs": [
            {
              "name": "out",
              "path": "/nix/store/7gymypzb9vclhpwphkya6x1ykpf4gkx2-tmux-3.7",
              "default": true
            },
            {
              "name": "man",
              "path": "/nix/store/0h9lbd8msi4i7blxldxzc0jb4b1k10r0-tmux-3.7-man",
              "default": true
            }
          ],
          "store_path": "/nix/store/7gymypzb9vclhpwphkya6x1ykpf4gkx2-tmux-3.7"
        }
      }
    },
    "tree-sitter@latest": {
      "last_modified": "2026-06-27T07:37:20Z",
      "resolved": "github:NixOS/nixpkgs/3d46470bb3030020f7e1361f33514854f5bfa86d#tree-sitter",
      "source": "devbox-search",
      "version": "0.26.8",
      "systems": {
        "aarch64-darwin": {
          "outputs": [
            {
              "name": "out",
              "path": "/nix/store/kh3nndb642bmnw248zdammmvl3bnbq7x-tree-sitter-0.26.8",
              "default": true
            }
          ],
          "store_path": "/nix/store/kh3nndb642bmnw248zdammmvl3bnbq7x-tree-sitter-0.26.8"
        },
        "aarch64-linux": {
          "outputs": [
            {
              "name": "out",
              "path": "/nix/store/c97a7bdc3xa51l4cz5vs7kk4hdgjj0rp-tree-sitter-0.26.8",
              "default": true
            }
          ],
          "store_path": "/nix/store/c97a7bdc3xa51l4cz5vs7kk4hdgjj0rp-tree-sitter-0.26.8"
        },
        "x86_64-darwin": {
          "outputs": [
            {
              "name": "out",
              "path": "/nix/store/s8qsnm9jadcfq3rarkqb3nlfjxcmnbdl-tree-sitter-0.26.8",
              "default": true
            }
          ],
          "store_path": "/nix/store/s8qsnm9jadcfq3rarkqb3nlfjxcmnbdl-tree-sitter-0.26.8"
        },
        "x86_64-linux": {
          "outputs": [
            {
              "name": "out",
              "path": "/nix/store/q225wxvqcxx8r66kpazcdvv3q6hdxc33-tree-sitter-0.26.8",
              "default": true
            }
          ],
          "store_path": "/nix/store/q225wxvqcxx8r66kpazcdvv3q6hdxc33-tree-sitter-0.26.8"
        }
      }
    },
    "unzip@latest": {
      "last_modified": "2026-06-27T07:37:20Z",
      "resolved": "github:NixOS/nixpkgs/3d46470bb3030020f7e1361f33514854f5bfa86d#unzip",
      "source": "devbox-search",
      "version": "6.0",
      "systems": {
        "aarch64-darwin": {
          "outputs": [
            {
              "name": "out",
              "path": "/nix/store/l8xcj3frck6mmilr69535n4z4phccllm-unzip-6.0",
              "default": true
            }
          ],
          "store_path": "/nix/store/l8xcj3frck6mmilr69535n4z4phccllm-unzip-6.0"
        },
        "aarch64-linux": {
          "outputs": [
            {
              "name": "out",
              "path": "/nix/store/vm3s2n0vzkzqr4cs4d3ii8zn6hafkyvm-unzip-6.0",
              "default": true
            }
          ],
          "store_path": "/nix/store/vm3s2n0vzkzqr4cs4d3ii8zn6hafkyvm-unzip-6.0"
        },
        "x86_64-darwin": {
          "outputs": [
            {
              "name": "out",
              "path": "/nix/store/bfgn79g2v3g27pax4b2zrdmgx3nx7kwj-unzip-6.0",
              "default": true
            }
          ],
          "store_path": "/nix/store/bfgn79g2v3g27pax4b2zrdmgx3nx7kwj-unzip-6.0"
        },
        "x86_64-linux": {
          "outputs": [
            {
              "name": "out",
              "path": "/nix/store/20s13aq9lzbalbzbzygczqp8sy4s4gky-unzip-6.0",
              "default": true
            }
          ],
          "store_path": "/nix/store/20s13aq9lzbalbzbzygczqp8sy4s4gky-unzip-6.0"
        }
      }
    },
    "uv@latest": {
      "last_modified": "2026-06-28T17:12:19Z",
      "resolved": "github:NixOS/nixpkgs/534ee3d8beb1737b5342995f8837e2b2705ce0d8#uv",
      "source": "devbox-search",
      "version": "0.11.25",
      "systems": {
        "aarch64-darwin": {
          "outputs": [
            {
              "name": "out",
              "path": "/nix/store/f0kyi2i8xrfx7i405n5qy97kr0y5b2wv-uv-0.11.25",
              "default": true
            }
          ],
          "store_path": "/nix/store/f0kyi2i8xrfx7i405n5qy97kr0y5b2wv-uv-0.11.25"
        },
        "aarch64-linux": {
          "outputs": [
            {
              "name": "out",
              "path": "/nix/store/8qd81vygrwkvp8ndg3ihj9wq3pl97hfd-uv-0.11.25",
              "default": true
            }
          ],
          "store_path": "/nix/store/8qd81vygrwkvp8ndg3ihj9wq3pl97hfd-uv-0.11.25"
        },
        "x86_64-darwin": {
          "outputs": [
            {
              "name": "out",
              "path": "/nix/store/z4dcs3l0khfc2hky62bhy6v45lmysdvz-uv-0.11.25",
              "default": true
            }
          ],
          "store_path": "/nix/store/z4dcs3l0khfc2hky62bhy6v45lmysdvz-uv-0.11.25"
        },
        "x86_64-linux": {
          "outputs": [
            {
              "name": "out",
              "path": "/nix/store/cgvijxnmydknslkl368k4j4j43akvl8b-uv-0.11.25",
              "default": true
            }
          ],
          "store_path": "/nix/store/cgvijxnmydknslkl368k4j4j43akvl8b-uv-0.11.25"
        }
      }
    },
    "zstd@latest": {
      "last_modified": "2026-06-29T19:19:24Z",
      "resolved": "github:NixOS/nixpkgs/7a1a64774a5fd0b0cd39ac95d0e170ace8b266a0#zstd",
      "source": "devbox-search",
      "version": "1.5.7",
      "systems": {
        "aarch64-darwin": {
          "outputs": [
            {
              "name": "bin",
              "path": "/nix/store/77drr6v02irw8v8k7gsj78pyhqfi3fl9-zstd-1.5.7-bin",
              "default": true
            },
            {
              "name": "man",
              "path": "/nix/store/9r9yfvfw3y316dj1nkqdpmqrjby1w38d-zstd-1.5.7-man",
              "default": true
            },
            {
              "name": "dev",
              "path": "/nix/store/4jdw27jn3hmrvr7z0pjy6czd9v0fl23f-zstd-1.5.7-dev"
            },
            {
              "name": "out",
              "path": "/nix/store/17rwk3nhwcfq28fm283nv4rmvpds35lr-zstd-1.5.7"
            }
          ],
          "store_path": "/nix/store/77drr6v02irw8v8k7gsj78pyhqfi3fl9-zstd-1.5.7-bin"
        },
        "aarch64-linux": {
          "outputs": [
            {
              "name": "bin",
              "path": "/nix/store/qhc6jnbwcls7jgqrdjkzbdl883hbw9ya-zstd-1.5.7-bin",
              "default": true
            },
            {
              "name": "man",
              "path": "/nix/store/mbf4llzyvlhd7mj7wa38p55qw4bxxxzp-zstd-1.5.7-man",
              "default": true
            },
            {
              "name": "out",
              "path": "/nix/store/l728ckj8njj6h1crd01rxriy033ny6h2-zstd-1.5.7"
            },
            {
              "name": "dev",
              "path": "/nix/store/8v92jad23pwz857jmpmjqzzans0vlhlm-zstd-1.5.7-dev"
            }
          ],
          "store_path": "/nix/store/qhc6jnbwcls7jgqrdjkzbdl883hbw9ya-zstd-1.5.7-bin"
        },
        "x86_64-darwin": {
          "outputs": [
            {
              "name": "bin",
              "path": "/nix/store/l1snbx2lr7y3wgy34hrivwkcjh3akp5p-zstd-1.5.7-bin",
              "default": true
            },
            {
              "name": "man",
              "path": "/nix/store/7x83qx86nisvlq1q5s7h826wvi2h5x0c-zstd-1.5.7-man",
              "default": true
            },
            {
              "name": "out",
              "path": "/nix/store/gadv9k3bnyra293kv9k4ajsbqj44msni-zstd-1.5.7"
            },
            {
              "name": "dev",
              "path": "/nix/store/77kpgvbiyvjnvna9y73csia71q1x0zkg-zstd-1.5.7-dev"
            }
          ],
          "store_path": "/nix/store/l1snbx2lr7y3wgy34hrivwkcjh3akp5p-zstd-1.5.7-bin"
        },
        "x86_64-linux": {
          "outputs": [
            {
              "name": "bin",
              "path": "/nix/store/gxxyccld1qfy1v98hbzv8g9yk1saqx82-zstd-1.5.7-bin",
              "default": true
            },
            {
              "name": "man",
              "path": "/nix/store/1b2phk81syp3chqny7m713295rg519v6-zstd-1.5.7-man",
              "default": true
            },
            {
              "name": "dev",
              "path": "/nix/store/901v08c2caadg21jidzpy00d3lzjgrdc-zstd-1.5.7-dev"
            },
            {
              "name": "out",
              "path": "/nix/store/fsvb5zrsm1n7m5wshm570imspffi7i8f-zstd-1.5.7"
            }
          ],
          "store_path": "/nix/store/gxxyccld1qfy1v98hbzv8g9yk1saqx82-zstd-1.5.7-bin"
        }
      }
    }
  }
}
