{
  "lockfile_version": "1",
  "packages": {
    "claude-code@latest": {
      "last_modified": "2026-05-01T13:14:57Z",
      "resolved": "github:NixOS/nixpkgs/c6d65881c5624c9cae5ea6cedef24699b0c0a4c0#claude-code",
      "source": "devbox-search",
      "version": "2.1.123",
      "systems": {
        "aarch64-darwin": {
          "outputs": [
            {
              "name": "out",
              "path": "/nix/store/djgx1vfrnsi0wwb2jsazjmh3nsslz4y3-claude-code-2.1.123",
              "default": true
            }
          ],
          "store_path": "/nix/store/djgx1vfrnsi0wwb2jsazjmh3nsslz4y3-claude-code-2.1.123"
        },
        "aarch64-linux": {
          "outputs": [
            {
              "name": "out",
              "path": "/nix/store/zpg2i7hz2aqxgv78ad7mm9lrc810ns5z-claude-code-2.1.123",
              "default": true
            }
          ],
          "store_path": "/nix/store/zpg2i7hz2aqxgv78ad7mm9lrc810ns5z-claude-code-2.1.123"
        },
        "x86_64-darwin": {
          "outputs": [
            {
              "name": "out",
              "path": "/nix/store/yk7ggq0wwmqjlg73dl351zzh24z4ls4i-claude-code-2.1.123",
              "default": true
            }
          ],
          "store_path": "/nix/store/yk7ggq0wwmqjlg73dl351zzh24z4ls4i-claude-code-2.1.123"
        },
        "x86_64-linux": {
          "outputs": [
            {
              "name": "out",
              "path": "/nix/store/bp04wf9h91a2rr9r8xc4n4r02y9zwkfx-claude-code-2.1.123",
              "default": true
            }
          ],
          "store_path": "/nix/store/bp04wf9h91a2rr9r8xc4n4r02y9zwkfx-claude-code-2.1.123"
        }
      }
    },
    "eza@latest": {
      "last_modified": "2026-04-23T13:07:47Z",
      "resolved": "github:NixOS/nixpkgs/01fbdeef22b76df85ea168fbfe1bfd9e63681b30#eza",
      "source": "devbox-search",
      "version": "0.23.4",
      "systems": {
        "aarch64-darwin": {
          "outputs": [
            {
              "name": "out",
              "path": "/nix/store/cngwwiaqmgalczvf1abplwxsr46i5k6m-eza-0.23.4",
              "default": true
            },
            {
              "name": "man",
              "path": "/nix/store/114h8x4j4jlpcbmhdysfr5d0hnkxx9cz-eza-0.23.4-man",
              "default": true
            }
          ],
          "store_path": "/nix/store/cngwwiaqmgalczvf1abplwxsr46i5k6m-eza-0.23.4"
        },
        "aarch64-linux": {
          "outputs": [
            {
              "name": "out",
              "path": "/nix/store/fjw7xmnhjba3q5670h6fkdpmszgvq2cq-eza-0.23.4",
              "default": true
            },
            {
              "name": "man",
              "path": "/nix/store/0v0s39hq16nvi0krgzz6aravywql5fhq-eza-0.23.4-man",
              "default": true
            }
          ],
          "store_path": "/nix/store/fjw7xmnhjba3q5670h6fkdpmszgvq2cq-eza-0.23.4"
        },
        "x86_64-darwin": {
          "outputs": [
            {
              "name": "out",
              "path": "/nix/store/qxhq104m1l6i4lm2wdf9sjgb4nl1s4lv-eza-0.23.4",
              "default": true
            },
            {
              "name": "man",
              "path": "/nix/store/8izr3kvlvv5kaw0mx7irv90c2aa25ghv-eza-0.23.4-man",
              "default": true
            }
          ],
          "store_path": "/nix/store/qxhq104m1l6i4lm2wdf9sjgb4nl1s4lv-eza-0.23.4"
        },
        "x86_64-linux": {
          "outputs": [
            {
              "name": "out",
              "path": "/nix/store/wh7wd8nh1kd29ry3fmjaymn71bqifr42-eza-0.23.4",
              "default": true
            },
            {
              "name": "man",
              "path": "/nix/store/s432xy1mzgl3l21q9j90f7rp01vynchp-eza-0.23.4-man",
              "default": true
            }
          ],
          "store_path": "/nix/store/wh7wd8nh1kd29ry3fmjaymn71bqifr42-eza-0.23.4"
        }
      }
    },
    "fd@latest": {
      "last_modified": "2026-04-23T13:07:47Z",
      "resolved": "github:NixOS/nixpkgs/01fbdeef22b76df85ea168fbfe1bfd9e63681b30#fd",
      "source": "devbox-search",
      "version": "10.4.2",
      "systems": {
        "aarch64-darwin": {
          "outputs": [
            {
              "name": "out",
              "path": "/nix/store/49sp3ra3l2sg1vgaf83w7h4jxf3kpiy4-fd-10.4.2",
              "default": true
            }
          ],
          "store_path": "/nix/store/49sp3ra3l2sg1vgaf83w7h4jxf3kpiy4-fd-10.4.2"
        },
        "aarch64-linux": {
          "outputs": [
            {
              "name": "out",
              "path": "/nix/store/xi0y4mhkn0lbcpj1nl3vafdw967n5679-fd-10.4.2",
              "default": true
            }
          ],
          "store_path": "/nix/store/xi0y4mhkn0lbcpj1nl3vafdw967n5679-fd-10.4.2"
        },
        "x86_64-darwin": {
          "outputs": [
            {
              "name": "out",
              "path": "/nix/store/8kf4k045jk6p8kax1225kkrmr7fijyib-fd-10.4.2",
              "default": true
            }
          ],
          "store_path": "/nix/store/8kf4k045jk6p8kax1225kkrmr7fijyib-fd-10.4.2"
        },
        "x86_64-linux": {
          "outputs": [
            {
              "name": "out",
              "path": "/nix/store/4fi2lyz8xn4mhq1gk5sp3zgfw43fjl56-fd-10.4.2",
              "default": true
            }
          ],
          "store_path": "/nix/store/4fi2lyz8xn4mhq1gk5sp3zgfw43fjl56-fd-10.4.2"
        }
      }
    },
    "fzf@latest": {
      "last_modified": "2026-04-27T06:11:55Z",
      "resolved": "github:NixOS/nixpkgs/6368eda62c9775c38ef7f714b2555a741c20c72d#fzf",
      "source": "devbox-search",
      "version": "0.72.0",
      "systems": {
        "aarch64-darwin": {
          "outputs": [
            {
              "name": "out",
              "path": "/nix/store/dj8n9hb6vgh7flmy4m8lalgl6bfi5kmp-fzf-0.72.0",
              "default": true
            },
            {
              "name": "man",
              "path": "/nix/store/2cxwvyrcl6lnghc2fy3ha8rmjwz0dwwz-fzf-0.72.0-man",
              "default": true
            }
          ],
          "store_path": "/nix/store/dj8n9hb6vgh7flmy4m8lalgl6bfi5kmp-fzf-0.72.0"
        },
        "aarch64-linux": {
          "outputs": [
            {
              "name": "out",
              "path": "/nix/store/58pqzwayhhjwqaybbd7ysh4ln66q5svw-fzf-0.72.0",
              "default": true
            },
            {
              "name": "man",
              "path": "/nix/store/pxjldlwvyhnaz7idhb4khgzb2az0lmz9-fzf-0.72.0-man",
              "default": true
            }
          ],
          "store_path": "/nix/store/58pqzwayhhjwqaybbd7ysh4ln66q5svw-fzf-0.72.0"
        },
        "x86_64-darwin": {
          "outputs": [
            {
              "name": "out",
              "path": "/nix/store/xdd1zn9bj73kgp0z03p7rkkmpb3l71y8-fzf-0.72.0",
              "default": true
            },
            {
              "name": "man",
              "path": "/nix/store/vq2yqsgla6q2xq0psrj2qkan45kn7di9-fzf-0.72.0-man",
              "default": true
            }
          ],
          "store_path": "/nix/store/xdd1zn9bj73kgp0z03p7rkkmpb3l71y8-fzf-0.72.0"
        },
        "x86_64-linux": {
          "outputs": [
            {
              "name": "out",
              "path": "/nix/store/1fc3iszabni2f7rnvdx49db2350qck7n-fzf-0.72.0",
              "default": true
            },
            {
              "name": "man",
              "path": "/nix/store/jswpxnbszf36l6lhsnghrd9sj0yl5hi7-fzf-0.72.0-man",
              "default": true
            }
          ],
          "store_path": "/nix/store/1fc3iszabni2f7rnvdx49db2350qck7n-fzf-0.72.0"
        }
      }
    },
    "git@latest": {
      "last_modified": "2026-04-23T13:07:47Z",
      "resolved": "github:NixOS/nixpkgs/01fbdeef22b76df85ea168fbfe1bfd9e63681b30#git",
      "source": "devbox-search",
      "version": "2.53.0",
      "systems": {
        "aarch64-darwin": {
          "outputs": [
            {
              "name": "out",
              "path": "/nix/store/5y6cp247hspkqa7pp6cbc4540ygx0249-git-2.53.0",
              "default": true
            },
            {
              "name": "doc",
              "path": "/nix/store/0kjpgj1grgba239ykdnv1cjc61xqk3aa-git-2.53.0-doc"
            }
          ],
          "store_path": "/nix/store/5y6cp247hspkqa7pp6cbc4540ygx0249-git-2.53.0"
        },
        "aarch64-linux": {
          "outputs": [
            {
              "name": "out",
              "path": "/nix/store/gx9r7g2kyrjhh0zhgxz91f5nbczxh1ac-git-2.53.0",
              "default": true
            },
            {
              "name": "debug",
              "path": "/nix/store/rc56a3l2wby94gk9gvirpwi9hv9v15gi-git-2.53.0-debug"
            },
            {
              "name": "doc",
              "path": "/nix/store/q8j5mwix1g75xyq025d3hmringklm52z-git-2.53.0-doc"
            }
          ],
          "store_path": "/nix/store/gx9r7g2kyrjhh0zhgxz91f5nbczxh1ac-git-2.53.0"
        },
        "x86_64-darwin": {
          "outputs": [
            {
              "name": "out",
              "path": "/nix/store/zar16r8w28c6qjdh3xqnkjcmvjjqwi77-git-2.53.0",
              "default": true
            },
            {
              "name": "doc",
              "path": "/nix/store/9jcm7zadfi5wsic3kizs4x71a8dqlj83-git-2.53.0-doc"
            }
          ],
          "store_path": "/nix/store/zar16r8w28c6qjdh3xqnkjcmvjjqwi77-git-2.53.0"
        },
        "x86_64-linux": {
          "outputs": [
            {
              "name": "out",
              "path": "/nix/store/c0277k5giric1mn9dklllavbzvxl6hzb-git-2.53.0",
              "default": true
            },
            {
              "name": "debug",
              "path": "/nix/store/qyqya20z59d164d6692hlyb9pkq10ykk-git-2.53.0-debug"
            },
            {
              "name": "doc",
              "path": "/nix/store/vv1ap6qaxdzpa4jqg71myxh5wcvnlqv8-git-2.53.0-doc"
            }
          ],
          "store_path": "/nix/store/c0277k5giric1mn9dklllavbzvxl6hzb-git-2.53.0"
        }
      }
    },
    "github:NixOS/nixpkgs/nixpkgs-unstable": {
      "last_modified": "2026-05-07T03:23:16Z",
      "resolved": "github:NixOS/nixpkgs/68a8af93ff4297686cb68880845e61e5e2e41d92?lastModified=1778124196&narHash=sha256-pYEytCNic%2FczazbV9r3tbQ6BZzqRBg%2F41x2dIC5ymOo%3D"
    },
    "go@latest": {
      "last_modified": "2026-04-23T13:07:47Z",
      "resolved": "github:NixOS/nixpkgs/01fbdeef22b76df85ea168fbfe1bfd9e63681b30#go",
      "source": "devbox-search",
      "version": "1.26.2",
      "systems": {
        "aarch64-darwin": {
          "outputs": [
            {
              "name": "out",
              "path": "/nix/store/fkzywh7rg8lg1n2p0r161iqjwhz540wx-go-1.26.2",
              "default": true
            }
          ],
          "store_path": "/nix/store/fkzywh7rg8lg1n2p0r161iqjwhz540wx-go-1.26.2"
        },
        "aarch64-linux": {
          "outputs": [
            {
              "name": "out",
              "path": "/nix/store/w4i7p78y3735jcy69sk4lcy9zyxr0cav-go-1.26.2",
              "default": true
            }
          ],
          "store_path": "/nix/store/w4i7p78y3735jcy69sk4lcy9zyxr0cav-go-1.26.2"
        },
        "x86_64-darwin": {
          "outputs": [
            {
              "name": "out",
              "path": "/nix/store/g0b45l45nlb1kqiywzja7fh49yn7lla5-go-1.26.2",
              "default": true
            }
          ],
          "store_path": "/nix/store/g0b45l45nlb1kqiywzja7fh49yn7lla5-go-1.26.2"
        },
        "x86_64-linux": {
          "outputs": [
            {
              "name": "out",
              "path": "/nix/store/dimnagks1qsp7180yw74z0npp7z2ihs3-go-1.26.2",
              "default": true
            }
          ],
          "store_path": "/nix/store/dimnagks1qsp7180yw74z0npp7z2ihs3-go-1.26.2"
        }
      }
    },
    "lazygit@latest": {
      "last_modified": "2026-04-23T13:07:47Z",
      "resolved": "github:NixOS/nixpkgs/01fbdeef22b76df85ea168fbfe1bfd9e63681b30#lazygit",
      "source": "devbox-search",
      "version": "0.61.1",
      "systems": {
        "aarch64-darwin": {
          "outputs": [
            {
              "name": "out",
              "path": "/nix/store/sxrcri5da89mhf64hkhvp0c2r1fqaj8c-lazygit-0.61.1",
              "default": true
            }
          ],
          "store_path": "/nix/store/sxrcri5da89mhf64hkhvp0c2r1fqaj8c-lazygit-0.61.1"
        },
        "aarch64-linux": {
          "outputs": [
            {
              "name": "out",
              "path": "/nix/store/3l0hsmcj6n1i79v1fsk2nm7n4zg07ikn-lazygit-0.61.1",
              "default": true
            }
          ],
          "store_path": "/nix/store/3l0hsmcj6n1i79v1fsk2nm7n4zg07ikn-lazygit-0.61.1"
        },
        "x86_64-darwin": {
          "outputs": [
            {
              "name": "out",
              "path": "/nix/store/y31y39816hknpb4qcpdh45gccm8qg0li-lazygit-0.61.1",
              "default": true
            }
          ],
          "store_path": "/nix/store/y31y39816hknpb4qcpdh45gccm8qg0li-lazygit-0.61.1"
        },
        "x86_64-linux": {
          "outputs": [
            {
              "name": "out",
              "path": "/nix/store/8nmpigf9wxnmz4zwvmw53zxv587fbh6m-lazygit-0.61.1",
              "default": true
            }
          ],
          "store_path": "/nix/store/8nmpigf9wxnmz4zwvmw53zxv587fbh6m-lazygit-0.61.1"
        }
      }
    },
    "luarocks@latest": {
      "last_modified": "2023-02-24T09:01:09Z",
      "resolved": "github:NixOS/nixpkgs/7d0ed7f2e5aea07ab22ccb338d27fbe347ed2f11#luarocks",
      "source": "devbox-search",
      "version": "3.9.1",
      "systems": {
        "x86_64-linux": {
          "outputs": [
            {
              "path": "/nix/store/p9ma631145gniixlym6x09zr97q3m5h1-luarocks-3.9.1",
              "default": true
            }
          ]
        }
      }
    },
    "neovim@latest": {
      "last_modified": "2026-04-28T17:03:49Z",
      "resolved": "github:NixOS/nixpkgs/e75f25705c2934955ee5075e62530d74aca973c6#neovim",
      "source": "devbox-search",
      "version": "0.12.2",
      "systems": {
        "aarch64-darwin": {
          "outputs": [
            {
              "name": "out",
              "path": "/nix/store/g8xn2hlw60bvqwd67dpmikh64d9phcxy-neovim-0.12.2",
              "default": true
            }
          ],
          "store_path": "/nix/store/g8xn2hlw60bvqwd67dpmikh64d9phcxy-neovim-0.12.2"
        },
        "aarch64-linux": {
          "outputs": [
            {
              "name": "out",
              "path": "/nix/store/2f2rgwkmbijzqx3vicanda24plmfwdwp-neovim-0.12.2",
              "default": true
            }
          ],
          "store_path": "/nix/store/2f2rgwkmbijzqx3vicanda24plmfwdwp-neovim-0.12.2"
        },
        "x86_64-darwin": {
          "outputs": [
            {
              "name": "out",
              "path": "/nix/store/f5zrw25rqr73mqxk3k5wnrf5f2657a9q-neovim-0.12.2",
              "default": true
            }
          ],
          "store_path": "/nix/store/f5zrw25rqr73mqxk3k5wnrf5f2657a9q-neovim-0.12.2"
        },
        "x86_64-linux": {
          "outputs": [
            {
              "name": "out",
              "path": "/nix/store/2c0cf1q1aj4zq42kdr25f8xm4h5dgsb6-neovim-0.12.2",
              "default": true
            }
          ],
          "store_path": "/nix/store/2c0cf1q1aj4zq42kdr25f8xm4h5dgsb6-neovim-0.12.2"
        }
      }
    },
    "nodejs@latest": {
      "last_modified": "2026-04-23T13:07:47Z",
      "plugin_version": "0.0.2",
      "resolved": "github:NixOS/nixpkgs/01fbdeef22b76df85ea168fbfe1bfd9e63681b30#nodejs_25",
      "source": "devbox-search",
      "version": "25.9.0",
      "systems": {
        "aarch64-darwin": {
          "outputs": [
            {
              "name": "out",
              "path": "/nix/store/lk0q06f44l3p5ajzpnqhs6bwwpf7j7ny-nodejs-25.9.0",
              "default": true
            }
          ],
          "store_path": "/nix/store/lk0q06f44l3p5ajzpnqhs6bwwpf7j7ny-nodejs-25.9.0"
        },
        "aarch64-linux": {
          "outputs": [
            {
              "name": "out",
              "path": "/nix/store/kqhlmkz7y5id7l02d2pjid61jh6a1zc5-nodejs-25.9.0",
              "default": true
            }
          ],
          "store_path": "/nix/store/kqhlmkz7y5id7l02d2pjid61jh6a1zc5-nodejs-25.9.0"
        },
        "x86_64-darwin": {
          "outputs": [
            {
              "name": "out",
              "path": "/nix/store/6js5ig13hfm2b9vif9325slzl590l0yr-nodejs-25.9.0",
              "default": true
            }
          ],
          "store_path": "/nix/store/6js5ig13hfm2b9vif9325slzl590l0yr-nodejs-25.9.0"
        },
        "x86_64-linux": {
          "outputs": [
            {
              "name": "out",
              "path": "/nix/store/qvw3cs7p2aipxsmyvwf9xr5ffvmwjkh1-nodejs-25.9.0",
              "default": true
            }
          ],
          "store_path": "/nix/store/qvw3cs7p2aipxsmyvwf9xr5ffvmwjkh1-nodejs-25.9.0"
        }
      }
    },
    "pnpm@latest": {
      "last_modified": "2026-04-27T06:11:55Z",
      "resolved": "github:NixOS/nixpkgs/6368eda62c9775c38ef7f714b2555a741c20c72d#pnpm",
      "source": "devbox-search",
      "version": "10.33.2",
      "systems": {
        "aarch64-darwin": {
          "outputs": [
            {
              "name": "out",
              "path": "/nix/store/x3hcc83jr8myi9p2r5prgpmxx50wd1cr-pnpm-10.33.2",
              "default": true
            }
          ],
          "store_path": "/nix/store/x3hcc83jr8myi9p2r5prgpmxx50wd1cr-pnpm-10.33.2"
        },
        "aarch64-linux": {
          "outputs": [
            {
              "name": "out",
              "path": "/nix/store/6xd3l0crxpda9l171r9736s085dsn2ys-pnpm-10.33.2",
              "default": true
            }
          ],
          "store_path": "/nix/store/6xd3l0crxpda9l171r9736s085dsn2ys-pnpm-10.33.2"
        },
        "x86_64-darwin": {
          "outputs": [
            {
              "name": "out",
              "path": "/nix/store/yqffj1df34s1vnpibisf278k9fv03x3j-pnpm-10.33.2",
              "default": true
            }
          ],
          "store_path": "/nix/store/yqffj1df34s1vnpibisf278k9fv03x3j-pnpm-10.33.2"
        },
        "x86_64-linux": {
          "outputs": [
            {
              "name": "out",
              "path": "/nix/store/4yfpaak9jcmls1hzybqxb1yh8wipr4id-pnpm-10.33.2",
              "default": true
            }
          ],
          "store_path": "/nix/store/4yfpaak9jcmls1hzybqxb1yh8wipr4id-pnpm-10.33.2"
        }
      }
    },
    "python@latest": {
      "last_modified": "2026-04-23T13:07:47Z",
      "plugin_version": "0.0.4",
      "resolved": "github:NixOS/nixpkgs/01fbdeef22b76df85ea168fbfe1bfd9e63681b30#python314",
      "source": "devbox-search",
      "version": "3.14.3",
      "systems": {
        "aarch64-darwin": {
          "outputs": [
            {
              "name": "out",
              "path": "/nix/store/4bnf42zl2pw977ryf95g851iz7spd9zc-python3-3.14.3",
              "default": true
            }
          ],
          "store_path": "/nix/store/4bnf42zl2pw977ryf95g851iz7spd9zc-python3-3.14.3"
        },
        "aarch64-linux": {
          "outputs": [
            {
              "name": "out",
              "path": "/nix/store/813mwq39h8kq26zl587zy4i5q6084xy9-python3-3.14.3",
              "default": true
            },
            {
              "name": "debug",
              "path": "/nix/store/klqsn46kdp22pmny2lszjkxv2aqa63q8-python3-3.14.3-debug"
            }
          ],
          "store_path": "/nix/store/813mwq39h8kq26zl587zy4i5q6084xy9-python3-3.14.3"
        },
        "x86_64-darwin": {
          "outputs": [
            {
              "name": "out",
              "path": "/nix/store/9fbffrjs4wd3cy9ami06bdzvdh2fzkgk-python3-3.14.3",
              "default": true
            }
          ],
          "store_path": "/nix/store/9fbffrjs4wd3cy9ami06bdzvdh2fzkgk-python3-3.14.3"
        },
        "x86_64-linux": {
          "outputs": [
            {
              "name": "out",
              "path": "/nix/store/cgk2ykijyaadc1687r0w4psf8pi1fdyc-python3-3.14.3",
              "default": true
            },
            {
              "name": "debug",
              "path": "/nix/store/n9iyvz9qj382yryrwb7sq06cc2gynyhg-python3-3.14.3-debug"
            }
          ],
          "store_path": "/nix/store/cgk2ykijyaadc1687r0w4psf8pi1fdyc-python3-3.14.3"
        }
      }
    },
    "ripgrep@latest": {
      "last_modified": "2026-04-23T13:07:47Z",
      "resolved": "github:NixOS/nixpkgs/01fbdeef22b76df85ea168fbfe1bfd9e63681b30#ripgrep",
      "source": "devbox-search",
      "version": "15.1.0",
      "systems": {
        "aarch64-darwin": {
          "outputs": [
            {
              "name": "out",
              "path": "/nix/store/9jagafbvx627qam4f0lnksa8yagk45f7-ripgrep-15.1.0",
              "default": true
            }
          ],
          "store_path": "/nix/store/9jagafbvx627qam4f0lnksa8yagk45f7-ripgrep-15.1.0"
        },
        "aarch64-linux": {
          "outputs": [
            {
              "name": "out",
              "path": "/nix/store/jni4f23vaph0aiz3cmazzbd7bbyg9630-ripgrep-15.1.0",
              "default": true
            }
          ],
          "store_path": "/nix/store/jni4f23vaph0aiz3cmazzbd7bbyg9630-ripgrep-15.1.0"
        },
        "x86_64-darwin": {
          "outputs": [
            {
              "name": "out",
              "path": "/nix/store/7frjm3h84914avlbl7f2nhgxirnn7ryx-ripgrep-15.1.0",
              "default": true
            }
          ],
          "store_path": "/nix/store/7frjm3h84914avlbl7f2nhgxirnn7ryx-ripgrep-15.1.0"
        },
        "x86_64-linux": {
          "outputs": [
            {
              "name": "out",
              "path": "/nix/store/abq2d8kfixpmgn0sm843pf6jhv5s4qhg-ripgrep-15.1.0",
              "default": true
            }
          ],
          "store_path": "/nix/store/abq2d8kfixpmgn0sm843pf6jhv5s4qhg-ripgrep-15.1.0"
        }
      }
    },
    "tmux@latest": {
      "last_modified": "2025-11-26T14:39:26Z",
      "resolved": "github:NixOS/nixpkgs/5c46f3bd98147c8d82366df95bbef2cab3a967ea#tmux",
      "source": "devbox-search",
      "version": "3.6",
      "systems": {
        "aarch64-darwin": {
          "outputs": [
            {
              "name": "out",
              "path": "/nix/store/8cc44893xix9xknp1phzi5jg8g0pghii-tmux-3.6",
              "default": true
            },
            {
              "name": "man",
              "path": "/nix/store/08iih7zrw7yybahxla1f3vf1qhygiwzb-tmux-3.6-man",
              "default": true
            }
          ],
          "store_path": "/nix/store/8cc44893xix9xknp1phzi5jg8g0pghii-tmux-3.6"
        },
        "aarch64-linux": {
          "outputs": [
            {
              "name": "out",
              "path": "/nix/store/nipnplpp8s2kxrym46ziwm286ac9smxk-tmux-3.6",
              "default": true
            },
            {
              "name": "man",
              "path": "/nix/store/h0mw9jvd11ykb63rxvjwg03yxpmwcrsk-tmux-3.6-man",
              "default": true
            }
          ],
          "store_path": "/nix/store/nipnplpp8s2kxrym46ziwm286ac9smxk-tmux-3.6"
        },
        "x86_64-darwin": {
          "outputs": [
            {
              "name": "out",
              "path": "/nix/store/r9as91zw6j6ly5wy67w7ksy56y4fa6m0-tmux-3.6",
              "default": true
            },
            {
              "name": "man",
              "path": "/nix/store/x91dqpy96jnjv7prrg1x65lzhlp8h7px-tmux-3.6-man",
              "default": true
            }
          ],
          "store_path": "/nix/store/r9as91zw6j6ly5wy67w7ksy56y4fa6m0-tmux-3.6"
        },
        "x86_64-linux": {
          "outputs": [
            {
              "name": "out",
              "path": "/nix/store/aaryy6aga27r973s97ckbmalbc1ha4hl-tmux-3.6",
              "default": true
            },
            {
              "name": "man",
              "path": "/nix/store/vkz0jwnx7cg2gc48w3nijs1d3sydz9l5-tmux-3.6-man",
              "default": true
            }
          ],
          "store_path": "/nix/store/aaryy6aga27r973s97ckbmalbc1ha4hl-tmux-3.6"
        }
      }
    },
    "tree-sitter@latest": {
      "last_modified": "2026-04-23T13:07:47Z",
      "resolved": "github:NixOS/nixpkgs/01fbdeef22b76df85ea168fbfe1bfd9e63681b30#tree-sitter",
      "source": "devbox-search",
      "version": "0.26.8",
      "systems": {
        "aarch64-darwin": {
          "outputs": [
            {
              "name": "out",
              "path": "/nix/store/ny9mp875yr0x2qsx8r0m15r6xz98rk5p-tree-sitter-0.26.8",
              "default": true
            }
          ],
          "store_path": "/nix/store/ny9mp875yr0x2qsx8r0m15r6xz98rk5p-tree-sitter-0.26.8"
        },
        "aarch64-linux": {
          "outputs": [
            {
              "name": "out",
              "path": "/nix/store/hjknw81ynvjalsjx60li7kb2fi5p8fzb-tree-sitter-0.26.8",
              "default": true
            }
          ],
          "store_path": "/nix/store/hjknw81ynvjalsjx60li7kb2fi5p8fzb-tree-sitter-0.26.8"
        },
        "x86_64-darwin": {
          "outputs": [
            {
              "name": "out",
              "path": "/nix/store/f4p2jf3ryc0n2bc6w549slgydbgpimb5-tree-sitter-0.26.8",
              "default": true
            }
          ],
          "store_path": "/nix/store/f4p2jf3ryc0n2bc6w549slgydbgpimb5-tree-sitter-0.26.8"
        },
        "x86_64-linux": {
          "outputs": [
            {
              "name": "out",
              "path": "/nix/store/44rldadal7sqwlnmcskhgw10m7vvkcxj-tree-sitter-0.26.8",
              "default": true
            }
          ],
          "store_path": "/nix/store/44rldadal7sqwlnmcskhgw10m7vvkcxj-tree-sitter-0.26.8"
        }
      }
    },
    "unzip@latest": {
      "last_modified": "2026-04-23T13:07:47Z",
      "resolved": "github:NixOS/nixpkgs/01fbdeef22b76df85ea168fbfe1bfd9e63681b30#unzip",
      "source": "devbox-search",
      "version": "6.0",
      "systems": {
        "aarch64-darwin": {
          "outputs": [
            {
              "name": "out",
              "path": "/nix/store/gvs5ahxqw2qhda5iz3mkkqf5vwdiag95-unzip-6.0",
              "default": true
            }
          ],
          "store_path": "/nix/store/gvs5ahxqw2qhda5iz3mkkqf5vwdiag95-unzip-6.0"
        },
        "aarch64-linux": {
          "outputs": [
            {
              "name": "out",
              "path": "/nix/store/nq9p1mx1lww1vzh0nc692yqrr0cnhkc1-unzip-6.0",
              "default": true
            }
          ],
          "store_path": "/nix/store/nq9p1mx1lww1vzh0nc692yqrr0cnhkc1-unzip-6.0"
        },
        "x86_64-darwin": {
          "outputs": [
            {
              "name": "out",
              "path": "/nix/store/ad88pqx8njan5cv9a2i8ciak674z5c1v-unzip-6.0",
              "default": true
            }
          ],
          "store_path": "/nix/store/ad88pqx8njan5cv9a2i8ciak674z5c1v-unzip-6.0"
        },
        "x86_64-linux": {
          "outputs": [
            {
              "name": "out",
              "path": "/nix/store/d728bq0ajg6r80j9avj2mn82h3alhl88-unzip-6.0",
              "default": true
            }
          ],
          "store_path": "/nix/store/d728bq0ajg6r80j9avj2mn82h3alhl88-unzip-6.0"
        }
      }
    },
    "zstd@latest": {
      "last_modified": "2026-05-03T16:35:46Z",
      "resolved": "github:NixOS/nixpkgs/73c703c22422b8951895a960959dbbaca7296492#zstd",
      "source": "devbox-search",
      "version": "1.5.7",
      "systems": {
        "aarch64-darwin": {
          "outputs": [
            {
              "name": "bin",
              "path": "/nix/store/3q6jdxwx59zhdjvgixqj3w65lgccrs2s-zstd-1.5.7-bin",
              "default": true
            },
            {
              "name": "man",
              "path": "/nix/store/yvzx31795ng1gh1z1wpfvgngwa7i7232-zstd-1.5.7-man",
              "default": true
            },
            {
              "name": "dev",
              "path": "/nix/store/wyxql7maladsv5hhizxj5smkapnsnhk2-zstd-1.5.7-dev"
            },
            {
              "name": "out",
              "path": "/nix/store/ff0aj2pp85sl42xvb2w59ynbk1330ygp-zstd-1.5.7"
            }
          ],
          "store_path": "/nix/store/3q6jdxwx59zhdjvgixqj3w65lgccrs2s-zstd-1.5.7-bin"
        },
        "aarch64-linux": {
          "outputs": [
            {
              "name": "bin",
              "path": "/nix/store/v1dk59l3vxg194ygdswhf68wgqljd700-zstd-1.5.7-bin",
              "default": true
            },
            {
              "name": "man",
              "path": "/nix/store/yfr2zkjnrfnvgk9q184asv5v6dlwajrg-zstd-1.5.7-man",
              "default": true
            },
            {
              "name": "out",
              "path": "/nix/store/35pysrzag4r7ybr88jka6q4w4rvm6rvn-zstd-1.5.7"
            },
            {
              "name": "dev",
              "path": "/nix/store/7p0vzhckiikcich963zvspqh2j4i5b1f-zstd-1.5.7-dev"
            }
          ],
          "store_path": "/nix/store/v1dk59l3vxg194ygdswhf68wgqljd700-zstd-1.5.7-bin"
        },
        "x86_64-darwin": {
          "outputs": [
            {
              "name": "bin",
              "path": "/nix/store/0f04bpjrmkfvygfdch2my4zr4pvzpisv-zstd-1.5.7-bin",
              "default": true
            },
            {
              "name": "man",
              "path": "/nix/store/mzd1asklnyncn3bwhknnwvmjmvyqkhcv-zstd-1.5.7-man",
              "default": true
            },
            {
              "name": "out",
              "path": "/nix/store/gym5y6zyy2bxzvf7b9i5pq1lij7xwxpn-zstd-1.5.7"
            },
            {
              "name": "dev",
              "path": "/nix/store/m3qa97bfz9k0wsschhbl2032zqqd96d1-zstd-1.5.7-dev"
            }
          ],
          "store_path": "/nix/store/0f04bpjrmkfvygfdch2my4zr4pvzpisv-zstd-1.5.7-bin"
        },
        "x86_64-linux": {
          "outputs": [
            {
              "name": "bin",
              "path": "/nix/store/91jddg4g6788ilnk3kww8j8jhxhzk6d3-zstd-1.5.7-bin",
              "default": true
            },
            {
              "name": "man",
              "path": "/nix/store/akb4s1m7cn4jqh56byw4ns34hpa2l2k7-zstd-1.5.7-man",
              "default": true
            },
            {
              "name": "dev",
              "path": "/nix/store/vbqakw4shfcbmdxs6kkp3jmp9k5br94y-zstd-1.5.7-dev"
            },
            {
              "name": "out",
              "path": "/nix/store/k0rqiflg1vkn1kj96br5pfxj40p3srz4-zstd-1.5.7"
            }
          ],
          "store_path": "/nix/store/91jddg4g6788ilnk3kww8j8jhxhzk6d3-zstd-1.5.7-bin"
        }
      }
    }
  }
}
